# This file was autogenerated by Stack.
# You should not edit this file by hand.
# For more information, please see the documentation at:
#   https://docs.haskellstack.org/en/stable/lock_files

packages:
- completed:
    cabal-file:
      size: 2863
      sha256: 7c5b610e39ae17e736f5e94e51807f7e7102c398659c546e70996ffe23176509
    name: yield
    version: 0.1.0.0
    git: git@github.com:davidspies/yield.git
    pantry-tree:
      size: 928
      sha256: f4a3f212937b4e1ffaaf2c9ce6b74d12dfef0b67675f82ad831ca1ed146a4261
    commit: a02e3be6b4bc0c11b0c704d35a9c2a82f3241443
  original:
    git: git@github.com:davidspies/yield.git
    commit: a02e3be6b4bc0c11b0c704d35a9c2a82f3241443
- completed:
    cabal-file:
      size: 1882
      sha256: 0eb0d4e0f37ea5396cec11e2bbec1567b0dc0ed2835040360518591f52628f05
    name: dspies-prelude
    version: 0.1.0.0
    git: git@github.com:davidspies/dspies-prelude.git
    pantry-tree:
      size: 791
      sha256: 1bb03749afab7b131d5234c040ad510d99d1050c6f62f28aba73c556434485e7
    commit: 2da31bb55445a7f21ec25bab82ebf9dab201fc6c
  original:
    git: git@github.com:davidspies/dspies-prelude.git
    commit: 2da31bb55445a7f21ec25bab82ebf9dab201fc6c
snapshots:
- completed:
    size: 524996
    url: https://raw.githubusercontent.com/commercialhaskell/stackage-snapshots/master/lts/14/27.yaml
    sha256: 7ea31a280c56bf36ff591a7397cc384d0dff622e7f9e4225b47d8980f019a0f0
  original: lts-14.27
